# generated by rye
# use `rye lock` or `rye sync` to update this lockfile
#
# last locked with the following flags:
#   pre: false
#   features: []
#   all-features: false
#   with-sources: false

-e file:.
aiohttp==3.9.3
    # via discord-ext-ui
    # via discord-py
aiosignal==1.3.1
    # via aiohttp
anyio==4.3.0
    # via httpx
attrs==23.2.0
    # via aiohttp
certifi==2024.2.2
    # via httpcore
    # via httpx
click==8.1.7
    # via hatch
    # via userpath
discord-py==2.3.2
distlib==0.3.8
    # via virtualenv
editables==0.5
    # via hatchling
filelock==3.13.1
    # via virtualenv
frozenlist==1.4.1
    # via aiohttp
    # via aiosignal
h11==0.14.0
    # via httpcore
hatch==1.9.3
hatchling==1.21.1
    # via hatch
httpcore==1.0.4
    # via httpx
httpx==0.27.0
    # via hatch
hyperlink==21.0.0
    # via hatch
idna==3.6
    # via anyio
    # via httpx
    # via hyperlink
    # via yarl
importlib-metadata==7.0.2
    # via keyring
jaraco-classes==3.3.1
    # via keyring
keyring==24.3.1
    # via hatch
markdown-it-py==3.0.0
    # via rich
mdurl==0.1.2
    # via markdown-it-py
more-itertools==10.2.0
    # via jaraco-classes
multidict==6.0.5
    # via aiohttp
    # via yarl
packaging==23.2
    # via hatch
    # via hatchling
pathspec==0.12.1
    # via hatchling
pexpect==4.9.0
    # via hatch
platformdirs==4.2.0
    # via hatch
    # via virtualenv
pluggy==1.4.0
    # via hatchling
ptyprocess==0.7.0
    # via pexpect
pygments==2.17.2
    # via rich
rich==13.7.1
    # via hatch
ruff==0.3.2
shellingham==1.5.4
    # via hatch
sniffio==1.3.1
    # via anyio
    # via httpx
tomli-w==1.0.0
    # via hatch
tomlkit==0.12.4
    # via hatch
trove-classifiers==2024.3.3
    # via hatchling
userpath==1.9.2
    # via hatch
virtualenv==20.25.1
    # via hatch
yarl==1.9.4
    # via aiohttp
zipp==3.17.0
    # via importlib-metadata
zstandard==0.22.0
    # via hatch
